
Microsoft Visual Studio Solution File, Format Version 12.00
# Visual Studio 15
VisualStudioVersion = 15.0.28010.2048
MinimumVisualStudioVersion = 10.0.40219.1
Project("{FAE04EC0-301F-11D3-BF4B-00C04F79EFBC}") = "PruebasUnitarias", "PruebasUnitarias\PruebasUnitarias.csproj", "{785BD36B-25CF-4ABD-B843-5ECB2EFF11A2}"
EndProject
Global
	GlobalSection(SolutionConfigurationPlatforms) = preSolution
		Debug|Any CPU = Debug|Any CPU
		Release|Any CPU = Release|Any CPU
	EndGlobalSection
	GlobalSection(ProjectConfigurationPlatforms) = postSolution
		{785BD36B-25CF-4ABD-B843-5ECB2EFF11A2}.Debug|Any CPU.ActiveCfg = Debug|Any CPU
		{785BD36B-25CF-4ABD-B843-5ECB2EFF11A2}.Debug|Any CPU.Build.0 = Debug|Any CPU
		{785BD36B-25CF-4ABD-B843-5ECB2EFF11A2}.Release|Any CPU.ActiveCfg = Release|Any CPU
		{785BD36B-25CF-4ABD-B843-5ECB2EFF11A2}.Release|Any CPU.Build.0 = Release|Any CPU
	EndGlobalSection
	GlobalSection(SolutionProperties) = preSolution
		HideSolutionNode = FALSE
	EndGlobalSection
	GlobalSection(ExtensibilityGlobals) = postSolution
		SolutionGuid = {600F6692-71F1-4013-8204-3AF53643435A}
	EndGlobalSection
EndGlobal
